
Microsoft Visual Studio Solution File, Format Version 12.00
# Visual Studio Version 17
VisualStudioVersion = 17.2.32602.215
MinimumVisualStudioVersion = 10.0.40219.1
Project("{FAE04EC0-301F-11D3-BF4B-00C04F79EFBC}") = "Command", "Command.csproj", "{2853C52B-E4AB-4135-8A6D-87E09526E05C}"
EndProject
Project("{FAE04EC0-301F-11D3-BF4B-00C04F79EFBC}") = "BaiTap", "..\BaiTap\BaiTap.csproj", "{4CAD5D51-3C3D-45D4-A651-CEE842C872FE}"
EndProject
Project("{FAE04EC0-301F-11D3-BF4B-00C04F79EFBC}") = "Datatype", "..\Datatype\Datatype.csproj", "{A35AA4B4-9CFC-4552-9548-9510BF8EE62D}"
EndProject
Project("{FAE04EC0-301F-11D3-BF4B-00C04F79EFBC}") = "ex3", "..\ex3\ex3.csproj", "{C25A42E9-F285-4F62-BDA7-70F5875527B3}"
EndProject
Project("{FAE04EC0-301F-11D3-BF4B-00C04F79EFBC}") = "ReferenceType", "..\ReferenceType\ReferenceType.csproj", "{F69FEEB7-9652-45A7-BC63-681264E2F011}"
EndProject
Project("{FAE04EC0-301F-11D3-BF4B-00C04F79EFBC}") = "NumberFormat", "..\NumberFormat\NumberFormat.csproj", "{52C79D53-6BB3-4415-B563-A1FA0EF1D7DA}"
EndProject
Project("{FAE04EC0-301F-11D3-BF4B-00C04F79EFBC}") = "MainClass", "..\MainClass\MainClass.csproj", "{70964B01-EB76-4F55-8C85-CB08E8AA671F}"
EndProject
Project("{FAE04EC0-301F-11D3-BF4B-00C04F79EFBC}") = "ImplicitilyTypedLocal", "..\ImplicitilyTypedLocal\ImplicitilyTypedLocal.csproj", "{2F795FA4-5160-49E6-ABAF-3C67D758295D}"
EndProject
Project("{FAE04EC0-301F-11D3-BF4B-00C04F79EFBC}") = "AnonTypes", "..\AnonTypes\AnonTypes.csproj", "{AF84DEBC-07E3-4240-A71C-F46FEDC065CD}"
EndProject
Global
	GlobalSection(SolutionConfigurationPlatforms) = preSolution
		Debug|Any CPU = Debug|Any CPU
		Release|Any CPU = Release|Any CPU
	EndGlobalSection
	GlobalSection(ProjectConfigurationPlatforms) = postSolution
		{2853C52B-E4AB-4135-8A6D-87E09526E05C}.Debug|Any CPU.ActiveCfg = Debug|Any CPU
		{2853C52B-E4AB-4135-8A6D-87E09526E05C}.Debug|Any CPU.Build.0 = Debug|Any CPU
		{2853C52B-E4AB-4135-8A6D-87E09526E05C}.Release|Any CPU.ActiveCfg = Release|Any CPU
		{2853C52B-E4AB-4135-8A6D-87E09526E05C}.Release|Any CPU.Build.0 = Release|Any CPU
		{4CAD5D51-3C3D-45D4-A651-CEE842C872FE}.Debug|Any CPU.ActiveCfg = Debug|Any CPU
		{4CAD5D51-3C3D-45D4-A651-CEE842C872FE}.Debug|Any CPU.Build.0 = Debug|Any CPU
		{4CAD5D51-3C3D-45D4-A651-CEE842C872FE}.Release|Any CPU.ActiveCfg = Release|Any CPU
		{4CAD5D51-3C3D-45D4-A651-CEE842C872FE}.Release|Any CPU.Build.0 = Release|Any CPU
		{A35AA4B4-9CFC-4552-9548-9510BF8EE62D}.Debug|Any CPU.ActiveCfg = Debug|Any CPU
		{A35AA4B4-9CFC-4552-9548-9510BF8EE62D}.Debug|Any CPU.Build.0 = Debug|Any CPU
		{A35AA4B4-9CFC-4552-9548-9510BF8EE62D}.Release|Any CPU.ActiveCfg = Release|Any CPU
		{A35AA4B4-9CFC-4552-9548-9510BF8EE62D}.Release|Any CPU.Build.0 = Release|Any CPU
		{C25A42E9-F285-4F62-BDA7-70F5875527B3}.Debug|Any CPU.ActiveCfg = Debug|Any CPU
		{C25A42E9-F285-4F62-BDA7-70F5875527B3}.Debug|Any CPU.Build.0 = Debug|Any CPU
		{C25A42E9-F285-4F62-BDA7-70F5875527B3}.Release|Any CPU.ActiveCfg = Release|Any CPU
		{C25A42E9-F285-4F62-BDA7-70F5875527B3}.Release|Any CPU.Build.0 = Release|Any CPU
		{F69FEEB7-9652-45A7-BC63-681264E2F011}.Debug|Any CPU.ActiveCfg = Debug|Any CPU
		{F69FEEB7-9652-45A7-BC63-681264E2F011}.Debug|Any CPU.Build.0 = Debug|Any CPU
		{F69FEEB7-9652-45A7-BC63-681264E2F011}.Release|Any CPU.ActiveCfg = Release|Any CPU
		{F69FEEB7-9652-45A7-BC63-681264E2F011}.Release|Any CPU.Build.0 = Release|Any CPU
		{52C79D53-6BB3-4415-B563-A1FA0EF1D7DA}.Debug|Any CPU.ActiveCfg = Debug|Any CPU
		{52C79D53-6BB3-4415-B563-A1FA0EF1D7DA}.Debug|Any CPU.Build.0 = Debug|Any CPU
		{52C79D53-6BB3-4415-B563-A1FA0EF1D7DA}.Release|Any CPU.ActiveCfg = Release|Any CPU
		{52C79D53-6BB3-4415-B563-A1FA0EF1D7DA}.Release|Any CPU.Build.0 = Release|Any CPU
		{70964B01-EB76-4F55-8C85-CB08E8AA671F}.Debug|Any CPU.ActiveCfg = Debug|Any CPU
		{70964B01-EB76-4F55-8C85-CB08E8AA671F}.Debug|Any CPU.Build.0 = Debug|Any CPU
		{70964B01-EB76-4F55-8C85-CB08E8AA671F}.Release|Any CPU.ActiveCfg = Release|Any CPU
		{70964B01-EB76-4F55-8C85-CB08E8AA671F}.Release|Any CPU.Build.0 = Release|Any CPU
		{2F795FA4-5160-49E6-ABAF-3C67D758295D}.Debug|Any CPU.ActiveCfg = Debug|Any CPU
		{2F795FA4-5160-49E6-ABAF-3C67D758295D}.Debug|Any CPU.Build.0 = Debug|Any CPU
		{2F795FA4-5160-49E6-ABAF-3C67D758295D}.Release|Any CPU.ActiveCfg = Release|Any CPU
		{2F795FA4-5160-49E6-ABAF-3C67D758295D}.Release|Any CPU.Build.0 = Release|Any CPU
		{AF84DEBC-07E3-4240-A71C-F46FEDC065CD}.Debug|Any CPU.ActiveCfg = Debug|Any CPU
		{AF84DEBC-07E3-4240-A71C-F46FEDC065CD}.Debug|Any CPU.Build.0 = Debug|Any CPU
		{AF84DEBC-07E3-4240-A71C-F46FEDC065CD}.Release|Any CPU.ActiveCfg = Release|Any CPU
		{AF84DEBC-07E3-4240-A71C-F46FEDC065CD}.Release|Any CPU.Build.0 = Release|Any CPU
	EndGlobalSection
	GlobalSection(SolutionProperties) = preSolution
		HideSolutionNode = FALSE
	EndGlobalSection
	GlobalSection(ExtensibilityGlobals) = postSolution
		SolutionGuid = {DA9FE298-8153-4DE2-AD90-71E09C46E823}
	EndGlobalSection
EndGlobal
